
Microsoft Visual Studio Solution File, Format Version 12.00
# Visual Studio Version 16
VisualStudioVersion = 16.0.32228.343
MinimumVisualStudioVersion = 10.0.40219.1
Project("{8BC9CEB8-8B4A-11D0-8D11-00A0C91BC942}") = "xxd", "xxd.vcxproj", "{8197062A-9C3B-492D-A3DF-5F0BD3FE5B4F}"
EndProject
Project("{2150E333-8FDC-42A3-9474-1A3956D46DE8}") = ".github", ".github", "{EA0CC36C-B037-4712-8B1D-30983B6467AF}"
EndProject
Project("{2150E333-8FDC-42A3-9474-1A3956D46DE8}") = "workflows", "workflows", "{2AF40DF4-2A76-4C93-A2F6-731BF16CD7C4}"
	ProjectSection(SolutionItems) = preProject
		.github\workflows\xxd.yml = .github\workflows\xxd.yml
	EndProjectSection
EndProject
Project("{2150E333-8FDC-42A3-9474-1A3956D46DE8}") = "_doc", "_doc", "{6ABAF5A8-FEB9-467B-8DBC-88F8BC8CFDEC}"
	ProjectSection(SolutionItems) = preProject
		LICENSE = LICENSE
		README.md = README.md
	EndProjectSection
EndProject
Global
	GlobalSection(SolutionConfigurationPlatforms) = preSolution
		Debug|x64 = Debug|x64
		Debug|x86 = Debug|x86
		Release|x64 = Release|x64
		Release|x86 = Release|x86
	EndGlobalSection
	GlobalSection(ProjectConfigurationPlatforms) = postSolution
		{8197062A-9C3B-492D-A3DF-5F0BD3FE5B4F}.Debug|x64.ActiveCfg = Debug|x64
		{8197062A-9C3B-492D-A3DF-5F0BD3FE5B4F}.Debug|x64.Build.0 = Debug|x64
		{8197062A-9C3B-492D-A3DF-5F0BD3FE5B4F}.Debug|x86.ActiveCfg = Debug|Win32
		{8197062A-9C3B-492D-A3DF-5F0BD3FE5B4F}.Debug|x86.Build.0 = Debug|Win32
		{8197062A-9C3B-492D-A3DF-5F0BD3FE5B4F}.Release|x64.ActiveCfg = Release|x64
		{8197062A-9C3B-492D-A3DF-5F0BD3FE5B4F}.Release|x64.Build.0 = Release|x64
		{8197062A-9C3B-492D-A3DF-5F0BD3FE5B4F}.Release|x86.ActiveCfg = Release|Win32
		{8197062A-9C3B-492D-A3DF-5F0BD3FE5B4F}.Release|x86.Build.0 = Release|Win32
	EndGlobalSection
	GlobalSection(SolutionProperties) = preSolution
		HideSolutionNode = FALSE
	EndGlobalSection
	GlobalSection(NestedProjects) = preSolution
		{2AF40DF4-2A76-4C93-A2F6-731BF16CD7C4} = {EA0CC36C-B037-4712-8B1D-30983B6467AF}
	EndGlobalSection
	GlobalSection(ExtensibilityGlobals) = postSolution
		SolutionGuid = {63BD603A-C254-45E6-9F54-0989D775491A}
	EndGlobalSection
EndGlobal
